
Microsoft Visual Studio Solution File, Format Version 12.00
# Visual Studio Version 17
VisualStudioVersion = 17.8.34330.188
MinimumVisualStudioVersion = 10.0.40219.1
Project("{9A19103F-16F7-4668-BE54-9A1E7A4F7556}") = "Calculator", "FinalProject\Calculator.csproj", "{CF9FC808-2065-4A15-984E-2B5A5DC686F1}"
EndProject
Project("{9A19103F-16F7-4668-BE54-9A1E7A4F7556}") = "RandomNumberGame", "RandomNumberGame\RandomNumberGame.csproj", "{F09DD40C-AEF5-4B89-BB4B-EECED95C5A2E}"
EndProject
Project("{9A19103F-16F7-4668-BE54-9A1E7A4F7556}") = "Chamokhrchobana App", "Chamokhrchobana App\Chamokhrchobana App.csproj", "{D103E287-5384-46D7-95A3-D8F666A0846B}"
EndProject
Project("{FAE04EC0-301F-11D3-BF4B-00C04F79EFBC}") = "AtmOperations", "AtmOperations\AtmOperations.csproj", "{B9C1A63D-B00F-4440-881C-27E8D382AF9D}"
EndProject
Global
	GlobalSection(SolutionConfigurationPlatforms) = preSolution
		Debug|Any CPU = Debug|Any CPU
		Release|Any CPU = Release|Any CPU
	EndGlobalSection
	GlobalSection(ProjectConfigurationPlatforms) = postSolution
		{CF9FC808-2065-4A15-984E-2B5A5DC686F1}.Debug|Any CPU.ActiveCfg = Debug|Any CPU
		{CF9FC808-2065-4A15-984E-2B5A5DC686F1}.Debug|Any CPU.Build.0 = Debug|Any CPU
		{CF9FC808-2065-4A15-984E-2B5A5DC686F1}.Release|Any CPU.ActiveCfg = Release|Any CPU
		{CF9FC808-2065-4A15-984E-2B5A5DC686F1}.Release|Any CPU.Build.0 = Release|Any CPU
		{F09DD40C-AEF5-4B89-BB4B-EECED95C5A2E}.Debug|Any CPU.ActiveCfg = Debug|Any CPU
		{F09DD40C-AEF5-4B89-BB4B-EECED95C5A2E}.Debug|Any CPU.Build.0 = Debug|Any CPU
		{F09DD40C-AEF5-4B89-BB4B-EECED95C5A2E}.Release|Any CPU.ActiveCfg = Release|Any CPU
		{F09DD40C-AEF5-4B89-BB4B-EECED95C5A2E}.Release|Any CPU.Build.0 = Release|Any CPU
		{D103E287-5384-46D7-95A3-D8F666A0846B}.Debug|Any CPU.ActiveCfg = Debug|Any CPU
		{D103E287-5384-46D7-95A3-D8F666A0846B}.Debug|Any CPU.Build.0 = Debug|Any CPU
		{D103E287-5384-46D7-95A3-D8F666A0846B}.Release|Any CPU.ActiveCfg = Release|Any CPU
		{D103E287-5384-46D7-95A3-D8F666A0846B}.Release|Any CPU.Build.0 = Release|Any CPU
		{B9C1A63D-B00F-4440-881C-27E8D382AF9D}.Debug|Any CPU.ActiveCfg = Debug|Any CPU
		{B9C1A63D-B00F-4440-881C-27E8D382AF9D}.Debug|Any CPU.Build.0 = Debug|Any CPU
		{B9C1A63D-B00F-4440-881C-27E8D382AF9D}.Release|Any CPU.ActiveCfg = Release|Any CPU
		{B9C1A63D-B00F-4440-881C-27E8D382AF9D}.Release|Any CPU.Build.0 = Release|Any CPU
	EndGlobalSection
	GlobalSection(SolutionProperties) = preSolution
		HideSolutionNode = FALSE
	EndGlobalSection
	GlobalSection(ExtensibilityGlobals) = postSolution
		SolutionGuid = {94265A68-CE08-4850-9173-F3323DE51DF7}
	EndGlobalSection
EndGlobal
